
Microsoft Visual Studio Solution File, Format Version 12.00
# Visual Studio Version 16
VisualStudioVersion = 16.0.30320.27
MinimumVisualStudioVersion = 10.0.40219.1
Project("{9A19103F-16F7-4668-BE54-9A1E7A4F7556}") = "RazorPagesSudoku", "RazorPagesSudoku.csproj", "{2E87AD2A-038F-4AA8-AC12-64F932610E9E}"
EndProject
Project("{9A19103F-16F7-4668-BE54-9A1E7A4F7556}") = "RazorPagesSudokuTests", "..\RazorPagesSudokuTests\RazorPagesSudokuTests.csproj", "{CA408AD5-B83E-4208-BE33-8CA825CCFAE4}"
EndProject
Global
	GlobalSection(SolutionConfigurationPlatforms) = preSolution
		Debug|Any CPU = Debug|Any CPU
		Release|Any CPU = Release|Any CPU
	EndGlobalSection
	GlobalSection(ProjectConfigurationPlatforms) = postSolution
		{2E87AD2A-038F-4AA8-AC12-64F932610E9E}.Debug|Any CPU.ActiveCfg = Debug|Any CPU
		{2E87AD2A-038F-4AA8-AC12-64F932610E9E}.Debug|Any CPU.Build.0 = Debug|Any CPU
		{2E87AD2A-038F-4AA8-AC12-64F932610E9E}.Release|Any CPU.ActiveCfg = Release|Any CPU
		{2E87AD2A-038F-4AA8-AC12-64F932610E9E}.Release|Any CPU.Build.0 = Release|Any CPU
		{CA408AD5-B83E-4208-BE33-8CA825CCFAE4}.Debug|Any CPU.ActiveCfg = Debug|Any CPU
		{CA408AD5-B83E-4208-BE33-8CA825CCFAE4}.Debug|Any CPU.Build.0 = Debug|Any CPU
		{CA408AD5-B83E-4208-BE33-8CA825CCFAE4}.Release|Any CPU.ActiveCfg = Release|Any CPU
		{CA408AD5-B83E-4208-BE33-8CA825CCFAE4}.Release|Any CPU.Build.0 = Release|Any CPU
	EndGlobalSection
	GlobalSection(SolutionProperties) = preSolution
		HideSolutionNode = FALSE
	EndGlobalSection
	GlobalSection(ExtensibilityGlobals) = postSolution
		SolutionGuid = {70311FA6-05A5-4309-8E20-3DD5CBB3D365}
	EndGlobalSection
EndGlobal
